
Microsoft Visual Studio Solution File, Format Version 12.00
# Visual Studio 15
VisualStudioVersion = 15.0.27130.2010
MinimumVisualStudioVersion = 10.0.40219.1
Project("{FAE04EC0-301F-11D3-BF4B-00C04F79EFBC}") = "Chapter4C", "Chapter4C\Chapter4C.csproj", "{57197FAC-91A9-492F-8C1F-2648B9DB460E}"
EndProject
Global
	GlobalSection(SolutionConfigurationPlatforms) = preSolution
		Debug|Any CPU = Debug|Any CPU
		Release|Any CPU = Release|Any CPU
	EndGlobalSection
	GlobalSection(ProjectConfigurationPlatforms) = postSolution
		{57197FAC-91A9-492F-8C1F-2648B9DB460E}.Debug|Any CPU.ActiveCfg = Debug|Any CPU
		{57197FAC-91A9-492F-8C1F-2648B9DB460E}.Debug|Any CPU.Build.0 = Debug|Any CPU
		{57197FAC-91A9-492F-8C1F-2648B9DB460E}.Release|Any CPU.ActiveCfg = Release|Any CPU
		{57197FAC-91A9-492F-8C1F-2648B9DB460E}.Release|Any CPU.Build.0 = Release|Any CPU
	EndGlobalSection
	GlobalSection(SolutionProperties) = preSolution
		HideSolutionNode = FALSE
	EndGlobalSection
	GlobalSection(ExtensibilityGlobals) = postSolution
		SolutionGuid = {9D1FB297-883C-474F-AA0B-F8FD352E7282}
	EndGlobalSection
EndGlobal
