
Microsoft Visual Studio Solution File, Format Version 12.00
# Visual Studio 15
VisualStudioVersion = 15.0.27130.2010
MinimumVisualStudioVersion = 10.0.40219.1
Project("{FAE04EC0-301F-11D3-BF4B-00C04F79EFBC}") = "Chapter3", "Chapter3\Chapter3.csproj", "{A71D680E-E936-4B31-AF9B-D43F0597DCF4}"
EndProject
Global
	GlobalSection(SolutionConfigurationPlatforms) = preSolution
		Debug|Any CPU = Debug|Any CPU
		Release|Any CPU = Release|Any CPU
	EndGlobalSection
	GlobalSection(ProjectConfigurationPlatforms) = postSolution
		{A71D680E-E936-4B31-AF9B-D43F0597DCF4}.Debug|Any CPU.ActiveCfg = Debug|Any CPU
		{A71D680E-E936-4B31-AF9B-D43F0597DCF4}.Debug|Any CPU.Build.0 = Debug|Any CPU
		{A71D680E-E936-4B31-AF9B-D43F0597DCF4}.Release|Any CPU.ActiveCfg = Release|Any CPU
		{A71D680E-E936-4B31-AF9B-D43F0597DCF4}.Release|Any CPU.Build.0 = Release|Any CPU
	EndGlobalSection
	GlobalSection(SolutionProperties) = preSolution
		HideSolutionNode = FALSE
	EndGlobalSection
	GlobalSection(ExtensibilityGlobals) = postSolution
		SolutionGuid = {99F781D6-D81B-4FC2-B7F7-2E569F26797B}
	EndGlobalSection
EndGlobal
