
Microsoft Visual Studio Solution File, Format Version 12.00
# Visual Studio 15
VisualStudioVersion = 15.0.27130.2010
MinimumVisualStudioVersion = 10.0.40219.1
Project("{FAE04EC0-301F-11D3-BF4B-00C04F79EFBC}") = "Chapter4D", "Chapter4D\Chapter4D.csproj", "{C030BA4A-D9D5-429B-9664-392FCD032E0F}"
EndProject
Global
	GlobalSection(SolutionConfigurationPlatforms) = preSolution
		Debug|Any CPU = Debug|Any CPU
		Release|Any CPU = Release|Any CPU
	EndGlobalSection
	GlobalSection(ProjectConfigurationPlatforms) = postSolution
		{C030BA4A-D9D5-429B-9664-392FCD032E0F}.Debug|Any CPU.ActiveCfg = Debug|Any CPU
		{C030BA4A-D9D5-429B-9664-392FCD032E0F}.Debug|Any CPU.Build.0 = Debug|Any CPU
		{C030BA4A-D9D5-429B-9664-392FCD032E0F}.Release|Any CPU.ActiveCfg = Release|Any CPU
		{C030BA4A-D9D5-429B-9664-392FCD032E0F}.Release|Any CPU.Build.0 = Release|Any CPU
	EndGlobalSection
	GlobalSection(SolutionProperties) = preSolution
		HideSolutionNode = FALSE
	EndGlobalSection
	GlobalSection(ExtensibilityGlobals) = postSolution
		SolutionGuid = {EDC273A7-D548-4EAA-B1CA-A381F78233F7}
	EndGlobalSection
EndGlobal
