
Microsoft Visual Studio Solution File, Format Version 12.00
# Visual Studio 15
VisualStudioVersion = 15.0.27130.2010
MinimumVisualStudioVersion = 10.0.40219.1
Project("{FAE04EC0-301F-11D3-BF4B-00C04F79EFBC}") = "Chapter11", "Chapter11\Chapter11.csproj", "{55786977-3BDF-45D4-8E38-4030D862591C}"
EndProject
Global
	GlobalSection(SolutionConfigurationPlatforms) = preSolution
		Debug|Any CPU = Debug|Any CPU
		Release|Any CPU = Release|Any CPU
	EndGlobalSection
	GlobalSection(ProjectConfigurationPlatforms) = postSolution
		{55786977-3BDF-45D4-8E38-4030D862591C}.Debug|Any CPU.ActiveCfg = Debug|Any CPU
		{55786977-3BDF-45D4-8E38-4030D862591C}.Debug|Any CPU.Build.0 = Debug|Any CPU
		{55786977-3BDF-45D4-8E38-4030D862591C}.Release|Any CPU.ActiveCfg = Release|Any CPU
		{55786977-3BDF-45D4-8E38-4030D862591C}.Release|Any CPU.Build.0 = Release|Any CPU
	EndGlobalSection
	GlobalSection(SolutionProperties) = preSolution
		HideSolutionNode = FALSE
	EndGlobalSection
	GlobalSection(ExtensibilityGlobals) = postSolution
		SolutionGuid = {018C96F0-C05C-4915-A4EE-85FB94CE1E47}
	EndGlobalSection
EndGlobal
